<?xml version="1.0" encoding="utf-8"?>
<Project ToolsVersion="4.0" xmlns="http://schemas.microsoft.com/developer/msbuild/2003">
  <ItemGroup>
    <Filter Include="Source Files">
      <UniqueIdentifier>{4FC737F1-C7A5-4376-A066-2A32D752A2FF}</UniqueIdentifier>
      <Extensions>cpp;c;cc;cxx;def;odl;idl;hpj;bat;asm;asmx</Extensions>
    </Filter>
    <Filter Include="Api">
      <UniqueIdentifier>{d7dc68ad-8399-4b7e-a0a6-7a636fd8fb5e}</UniqueIdentifier>
    </Filter>
    <Filter Include="Samples">
      <UniqueIdentifier>{2513f5b2-d392-4cfc-b57c-280ac26c7e48}</UniqueIdentifier>
    </Filter>
    <Filter Include="Headers">
      <UniqueIdentifier>{624ce925-b265-4c5e-8e2e-94fdd5cea8bf}</UniqueIdentifier>
    </Filter>
  </ItemGroup>
  <ItemGroup>
    <ClInclude Include="Vector2.h">
      <Filter>Api</Filter>
    </ClInclude>
    <ClInclude Include="API.h">
      <Filter>Api</Filter>
    </ClInclude>
    <ClInclude Include="SettingsPane.h">
      <Filter>Api</Filter>
    </ClInclude>
    <ClInclude Include="SampleImageSource.h">
      <Filter>Samples</Filter>
    </ClInclude>
    <ClInclude Include="ImageSourceFactory.h">
      <Filter>Api</Filter>
    </ClInclude>
    <ClInclude Include="SampleImageSourceFactory.h">
      <Filter>Samples</Filter>
    </ClInclude>
    <ClInclude Include="Plugin.h">
      <Filter>Api</Filter>
    </ClInclude>
    <ClInclude Include="HostedSettingsPane.h">
      <Filter>Headers</Filter>
    </ClInclude>
  </ItemGroup>
  <ItemGroup>
    <ClCompile Include="AssemblyInfo.cpp">
      <Filter>Source Files</Filter>
    </ClCompile>
    <ClCompile Include="ImageSource.h">
      <Filter>Api</Filter>
    </ClCompile>
    <ClCompile Include="API.cpp">
      <Filter>Source Files</Filter>
    </ClCompile>
    <ClCompile Include="HostedSettingsPane.cpp">
      <Filter>Source Files</Filter>
    </ClCompile>
  </ItemGroup>
  <ItemGroup>
    <None Include="ReadMe.txt" />
  </ItemGroup>
</Project>