<?xml version="1.0" encoding="utf-8"?>
<Project ToolsVersion="4.0" xmlns="http://schemas.microsoft.com/developer/msbuild/2003">
  <ItemGroup>
    <Filter Include="Source Files">
      <UniqueIdentifier>{4FC737F1-C7A5-4376-A066-2A32D752A2FF}</UniqueIdentifier>
      <Extensions>cpp;c;cc;cxx;def;odl;idl;hpj;bat;asm;asmx</Extensions>
    </Filter>
    <Filter Include="Api">
      <UniqueIdentifier>{d7dc68ad-8399-4b7e-a0a6-7a636fd8fb5e}</UniqueIdentifier>
    </Filter>
    <Filter Include="Headers">
      <UniqueIdentifier>{624ce925-b265-4c5e-8e2e-94fdd5cea8bf}</UniqueIdentifier>
    </Filter>
    <Filter Include="Api\Headers">
      <UniqueIdentifier>{5b1ae3bb-279a-4b36-9610-b2b0ba1a79b9}</UniqueIdentifier>
    </Filter>
    <Filter Include="Api\Source">
      <UniqueIdentifier>{58040719-65d3-4dd1-a0ee-d899cf97ea95}</UniqueIdentifier>
    </Filter>
    <Filter Include="Api\Interfaces">
      <UniqueIdentifier>{0f3c04f7-d32e-4a1d-b56d-4eb1ea7fe801}</UniqueIdentifier>
    </Filter>
  </ItemGroup>
  <ItemGroup>
    <ClInclude Include="Vector2.h">
      <Filter>Api\Headers</Filter>
    </ClInclude>
    <ClInclude Include="API.h">
      <Filter>Api\Headers</Filter>
    </ClInclude>
    <ClInclude Include="AbstractImageSourceFactory.h">
      <Filter>Api\Headers</Filter>
    </ClInclude>
    <ClInclude Include="AbstractPlugin.h">
      <Filter>Api\Headers</Filter>
    </ClInclude>
    <ClInclude Include="Plugin.h">
      <Filter>Api\Interfaces</Filter>
    </ClInclude>
    <ClInclude Include="ImageSourceFactory.h">
      <Filter>Api\Interfaces</Filter>
    </ClInclude>
    <ClInclude Include="GraphicsSystem.h">
      <Filter>Api\Headers</Filter>
    </ClInclude>
    <ClInclude Include="XElement.h">
      <Filter>Api\Headers</Filter>
    </ClInclude>
    <ClInclude Include="AbstractImageSource.h">
      <Filter>Api\Headers</Filter>
    </ClInclude>
    <ClInclude Include="SettingsPane.h">
      <Filter>Api\Interfaces</Filter>
    </ClInclude>
    <ClInclude Include="AbstractWPFSettingsPane.h">
      <Filter>Api\Headers</Filter>
    </ClInclude>
  </ItemGroup>
  <ItemGroup>
    <ClCompile Include="AssemblyInfo.cpp">
      <Filter>Source Files</Filter>
    </ClCompile>
    <ClCompile Include="AbstractPlugin.cpp">
      <Filter>Api\Source</Filter>
    </ClCompile>
    <ClCompile Include="ImageSource.h">
      <Filter>Api\Interfaces</Filter>
    </ClCompile>
    <ClCompile Include="API.cpp">
      <Filter>Api\Source</Filter>
    </ClCompile>
    <ClCompile Include="GraphicsSystem.cpp">
      <Filter>Api\Source</Filter>
    </ClCompile>
    <ClCompile Include="XElement.cpp">
      <Filter>Api\Source</Filter>
    </ClCompile>
    <ClCompile Include="AbstractImageSourceFactory.cpp">
      <Filter>Api\Source</Filter>
    </ClCompile>
    <ClCompile Include="AbstractImageSource.cpp">
      <Filter>Api\Source</Filter>
    </ClCompile>
    <ClCompile Include="OBSUtils.h">
      <Filter>Api\Headers</Filter>
    </ClCompile>
    <ClCompile Include="OBSUtils.cpp">
      <Filter>Api\Source</Filter>
    </ClCompile>
    <ClCompile Include="AbstractWPFSettingsPane.cpp">
      <Filter>Api\Source</Filter>
    </ClCompile>
  </ItemGroup>
  <ItemGroup>
    <None Include="ReadMe.txt" />
  </ItemGroup>
</Project>