<?xml version="1.0" encoding="utf-8"?>
<Project ToolsVersion="4.0" xmlns="http://schemas.microsoft.com/developer/msbuild/2003">
  <ItemGroup>
    <ClInclude Include="CLRHostPlugin.h">
      <Filter>Headers</Filter>
    </ClInclude>
    <ClInclude Include="Localization.h">
      <Filter>Headers</Filter>
    </ClInclude>
    <ClInclude Include="CLRHost.h">
      <Filter>Headers</Filter>
    </ClInclude>
    <ClInclude Include="CLRHostApi.h">
      <Filter>Api</Filter>
    </ClInclude>
    <ClInclude Include="CLRObjectRef.h">
      <Filter>Api</Filter>
    </ClInclude>
    <ClInclude Include="CLRApiCommon.h">
      <Filter>Api</Filter>
    </ClInclude>
    <ClInclude Include="CLRImageSourceFactory.h">
      <Filter>Source\Wrappers</Filter>
    </ClInclude>
    <ClInclude Include="CLRObject.h">
      <Filter>Source\Wrappers</Filter>
    </ClInclude>
    <ClInclude Include="CLRImageSource.h">
      <Filter>Source\Wrappers</Filter>
    </ClInclude>
    <ClInclude Include="CLRVector2.h">
      <Filter>Source\Wrappers</Filter>
    </ClInclude>
    <ClInclude Include="CLRPlugin.h">
      <Filter>Source\Wrappers</Filter>
    </ClInclude>
    <ClInclude Include="ImageSourceBridge.h">
      <Filter>Bridges</Filter>
    </ClInclude>
    <ClInclude Include="CLRXElement.h">
      <Filter>Source\Wrappers</Filter>
    </ClInclude>
    <ClInclude Include="CLRSettingsPane.h">
      <Filter>Source\Wrappers</Filter>
    </ClInclude>
    <ClInclude Include="SettingsPaneBridge.h">
      <Filter>Bridges</Filter>
    </ClInclude>
    <ClInclude Include="stdafx.h">
      <Filter>Headers</Filter>
    </ClInclude>
    <ClInclude Include="mscorelib.h">
      <Filter>Headers</Filter>
    </ClInclude>
  </ItemGroup>
  <ItemGroup>
    <Filter Include="Headers">
      <UniqueIdentifier>{b1930a56-b818-4a5a-b5ac-0a9f7fb2b0d0}</UniqueIdentifier>
    </Filter>
    <Filter Include="Source">
      <UniqueIdentifier>{80cf7268-eaee-4f5e-a59e-c4b6d44025fc}</UniqueIdentifier>
    </Filter>
    <Filter Include="Api">
      <UniqueIdentifier>{c26d3407-b1b8-4e8b-935c-5f10674e3f9d}</UniqueIdentifier>
    </Filter>
    <Filter Include="Bridges">
      <UniqueIdentifier>{be4550b2-c823-4fb7-8120-270a46857dfd}</UniqueIdentifier>
    </Filter>
    <Filter Include="Source\Wrappers">
      <UniqueIdentifier>{8db083cc-da46-4632-aa9b-72c689794312}</UniqueIdentifier>
    </Filter>
  </ItemGroup>
  <ItemGroup>
    <ClCompile Include="CLRHostPlugin.cpp">
      <Filter>Source</Filter>
    </ClCompile>
    <ClCompile Include="CLRHost.cpp">
      <Filter>Source</Filter>
    </ClCompile>
    <ClCompile Include="CLRHostApi.cpp">
      <Filter>Source</Filter>
    </ClCompile>
    <ClCompile Include="CLRObjectRef.cpp">
      <Filter>Source</Filter>
    </ClCompile>
    <ClCompile Include="CLRImageSourceFactory.cpp">
      <Filter>Source\Wrappers</Filter>
    </ClCompile>
    <ClCompile Include="CLRObject.cpp">
      <Filter>Source\Wrappers</Filter>
    </ClCompile>
    <ClCompile Include="CLRVector2.cpp">
      <Filter>Source\Wrappers</Filter>
    </ClCompile>
    <ClCompile Include="CLRPlugin.cpp">
      <Filter>Source\Wrappers</Filter>
    </ClCompile>
    <ClCompile Include="CLRImageSource.cpp">
      <Filter>Source\Wrappers</Filter>
    </ClCompile>
    <ClCompile Include="CLRXElement.cpp">
      <Filter>Source\Wrappers</Filter>
    </ClCompile>
    <ClCompile Include="CLRSettingsPane.cpp">
      <Filter>Source\Wrappers</Filter>
    </ClCompile>
    <ClCompile Include="CLRApiCommon.cpp">
      <Filter>Source</Filter>
    </ClCompile>
  </ItemGroup>
</Project>